
Microsoft Visual Studio Solution File, Format Version 12.00
# Visual Studio 15
VisualStudioVersion = 15.0.27428.1
MinimumVisualStudioVersion = 10.0.40219.1
Project("{8BC9CEB8-8B4A-11D0-8D11-00A0C91BC942}") = "PointerPractice", "PointerPractice\PointerPractice.vcxproj", "{FAAF3DF3-5254-46D0-AB3F-20F3070BF427}"
EndProject
Global
	GlobalSection(SolutionConfigurationPlatforms) = preSolution
		Debug|x64 = Debug|x64
		Debug|x86 = Debug|x86
		Release|x64 = Release|x64
		Release|x86 = Release|x86
	EndGlobalSection
	GlobalSection(ProjectConfigurationPlatforms) = postSolution
		{FAAF3DF3-5254-46D0-AB3F-20F3070BF427}.Debug|x64.ActiveCfg = Debug|x64
		{FAAF3DF3-5254-46D0-AB3F-20F3070BF427}.Debug|x64.Build.0 = Debug|x64
		{FAAF3DF3-5254-46D0-AB3F-20F3070BF427}.Debug|x86.ActiveCfg = Debug|Win32
		{FAAF3DF3-5254-46D0-AB3F-20F3070BF427}.Debug|x86.Build.0 = Debug|Win32
		{FAAF3DF3-5254-46D0-AB3F-20F3070BF427}.Release|x64.ActiveCfg = Release|x64
		{FAAF3DF3-5254-46D0-AB3F-20F3070BF427}.Release|x64.Build.0 = Release|x64
		{FAAF3DF3-5254-46D0-AB3F-20F3070BF427}.Release|x86.ActiveCfg = Release|Win32
		{FAAF3DF3-5254-46D0-AB3F-20F3070BF427}.Release|x86.Build.0 = Release|Win32
	EndGlobalSection
	GlobalSection(SolutionProperties) = preSolution
		HideSolutionNode = FALSE
	EndGlobalSection
	GlobalSection(ExtensibilityGlobals) = postSolution
		SolutionGuid = {B6AEE4E5-2292-4E08-AF14-78A851C519B2}
	EndGlobalSection
EndGlobal
